// !$*UTF8*$!
{
	archiveVersion = 1;
	classes = {
	};
	objectVersion = 56;
	objects = {

/* Begin PBXBuildFile section */
		BF5C88352BC95F20000C6333 /* LandMarks_TutorialApp.swift in Sources */ = {isa = PBXBuildFile; fileRef = BF5C88342BC95F20000C6333 /* LandMarks_TutorialApp.swift */; };
		BF5C88372BC95F20000C6333 /* ContentView.swift in Sources */ = {isa = PBXBuildFile; fileRef = BF5C88362BC95F20000C6333 /* ContentView.swift */; };
		BF5C88392BC95F22000C6333 /* Assets.xcassets in Resources */ = {isa = PBXBuildFile; fileRef = BF5C88382BC95F22000C6333 /* Assets.xcassets */; };
		BF5C883C2BC95F22000C6333 /* Preview Assets.xcassets in Resources */ = {isa = PBXBuildFile; fileRef = BF5C883B2BC95F22000C6333 /* Preview Assets.xcassets */; };
		BF5C88462BC95F22000C6333 /* LandMarks_TutorialTests.swift in Sources */ = {isa = PBXBuildFile; fileRef = BF5C88452BC95F22000C6333 /* LandMarks_TutorialTests.swift */; };
		BF5C88502BC95F22000C6333 /* LandMarks_TutorialUITests.swift in Sources */ = {isa = PBXBuildFile; fileRef = BF5C884F2BC95F22000C6333 /* LandMarks_TutorialUITests.swift */; };
		BF5C88522BC95F22000C6333 /* LandMarks_TutorialUITestsLaunchTests.swift in Sources */ = {isa = PBXBuildFile; fileRef = BF5C88512BC95F22000C6333 /* LandMarks_TutorialUITestsLaunchTests.swift */; };
		BF5C885F2BC963F7000C6333 /* CircleImage.swift in Sources */ = {isa = PBXBuildFile; fileRef = BF5C885E2BC963F7000C6333 /* CircleImage.swift */; };
		BF5C88612BC965B3000C6333 /* MapView.swift in Sources */ = {isa = PBXBuildFile; fileRef = BF5C88602BC965B3000C6333 /* MapView.swift */; };
/* End PBXBuildFile section */

/* Begin PBXContainerItemProxy section */
		BF5C88422BC95F22000C6333 /* PBXContainerItemProxy */ = {
			isa = PBXContainerItemProxy;
			containerPortal = BF5C88292BC95F20000C6333 /* Project object */;
			proxyType = 1;
			remoteGlobalIDString = BF5C88302BC95F20000C6333;
			remoteInfo = "LandMarks-Tutorial";
		};
		BF5C884C2BC95F22000C6333 /* PBXContainerItemProxy */ = {
			isa = PBXContainerItemProxy;
			containerPortal = BF5C88292BC95F20000C6333 /* Project object */;
			proxyType = 1;
			remoteGlobalIDString = BF5C88302BC95F20000C6333;
			remoteInfo = "LandMarks-Tutorial";
		};
/* End PBXContainerItemProxy section */

/* Begin PBXFileReference section */
		BF5C88312BC95F20000C6333 /* LandMarks-Tutorial.app */ = {isa = PBXFileReference; explicitFileType = wrapper.application; includeInIndex = 0; path = "LandMarks-Tutorial.app"; sourceTree = BUILT_PRODUCTS_DIR; };
		BF5C88342BC95F20000C6333 /* LandMarks_TutorialApp.swift */ = {isa = PBXFileReference; lastKnownFileType = sourcecode.swift; path = LandMarks_TutorialApp.swift; sourceTree = "<group>"; };
		BF5C88362BC95F20000C6333 /* ContentView.swift */ = {isa = PBXFileReference; lastKnownFileType = sourcecode.swift; path = ContentView.swift; sourceTree = "<group>"; };
		BF5C88382BC95F22000C6333 /* Assets.xcassets */ = {isa = PBXFileReference; lastKnownFileType = folder.assetcatalog; path = Assets.xcassets; sourceTree = "<group>"; };
		BF5C883B2BC95F22000C6333 /* Preview Assets.xcassets */ = {isa = PBXFileReference; lastKnownFileType = folder.assetcatalog; path = "Preview Assets.xcassets"; sourceTree = "<group>"; };
		BF5C88412BC95F22000C6333 /* LandMarks-TutorialTests.xctest */ = {isa = PBXFileReference; explicitFileType = wrapper.cfbundle; includeInIndex = 0; path = "LandMarks-TutorialTests.xctest"; sourceTree = BUILT_PRODUCTS_DIR; };
		BF5C88452BC95F22000C6333 /* LandMarks_TutorialTests.swift */ = {isa = PBXFileReference; lastKnownFileType = sourcecode.swift; path = LandMarks_TutorialTests.swift; sourceTree = "<group>"; };
		BF5C884B2BC95F22000C6333 /* LandMarks-TutorialUITests.xctest */ = {isa = PBXFileReference; explicitFileType = wrapper.cfbundle; includeInIndex = 0; path = "LandMarks-TutorialUITests.xctest"; sourceTree = BUILT_PRODUCTS_DIR; };
		BF5C884F2BC95F22000C6333 /* LandMarks_TutorialUITests.swift */ = {isa = PBXFileReference; lastKnownFileType = sourcecode.swift; path = LandMarks_TutorialUITests.swift; sourceTree = "<group>"; };
		BF5C88512BC95F22000C6333 /* LandMarks_TutorialUITestsLaunchTests.swift */ = {isa = PBXFileReference; lastKnownFileType = sourcecode.swift; path = LandMarks_TutorialUITestsLaunchTests.swift; sourceTree = "<group>"; };
		BF5C885E2BC963F7000C6333 /* CircleImage.swift */ = {isa = PBXFileReference; lastKnownFileType = sourcecode.swift; path = CircleImage.swift; sourceTree = "<group>"; };
		BF5C88602BC965B3000C6333 /* MapView.swift */ = {isa = PBXFileReference; lastKnownFileType = sourcecode.swift; path = MapView.swift; sourceTree = "<group>"; };
		BF5C88622BC969EB000C6333 /* README.md */ = {isa = PBXFileReference; lastKnownFileType = net.daringfireball.markdown; path = README.md; sourceTree = "<group>"; };
/* End PBXFileReference section */

/* Begin PBXFrameworksBuildPhase section */
		BF5C882E2BC95F20000C6333 /* Frameworks */ = {
			isa = PBXFrameworksBuildPhase;
			buildActionMask = 2147483647;
			files = (
			);
			runOnlyForDeploymentPostprocessing = 0;
		};
		BF5C883E2BC95F22000C6333 /* Frameworks */ = {
			isa = PBXFrameworksBuildPhase;
			buildActionMask = 2147483647;
			files = (
			);
			runOnlyForDeploymentPostprocessing = 0;
		};
		BF5C88482BC95F22000C6333 /* Frameworks */ = {
			isa = PBXFrameworksBuildPhase;
			buildActionMask = 2147483647;
			files = (
			);
			runOnlyForDeploymentPostprocessing = 0;
		};
/* End PBXFrameworksBuildPhase section */

/* Begin PBXGroup section */
		BF5C88282BC95F20000C6333 = {
			isa = PBXGroup;
			children = (
				BF5C88622BC969EB000C6333 /* README.md */,
				BF5C88332BC95F20000C6333 /* LandMarks-Tutorial */,
				BF5C88442BC95F22000C6333 /* LandMarks-TutorialTests */,
				BF5C884E2BC95F22000C6333 /* LandMarks-TutorialUITests */,
				BF5C88322BC95F20000C6333 /* Products */,
			);
			sourceTree = "<group>";
		};
		BF5C88322BC95F20000C6333 /* Products */ = {
			isa = PBXGroup;
			children = (
				BF5C88312BC95F20000C6333 /* LandMarks-Tutorial.app */,
				BF5C88412BC95F22000C6333 /* LandMarks-TutorialTests.xctest */,
				BF5C884B2BC95F22000C6333 /* LandMarks-TutorialUITests.xctest */,
			);
			name = Products;
			sourceTree = "<group>";
		};
		BF5C88332BC95F20000C6333 /* LandMarks-Tutorial */ = {
			isa = PBXGroup;
			children = (
				BF5C88342BC95F20000C6333 /* LandMarks_TutorialApp.swift */,
				BF5C88362BC95F20000C6333 /* ContentView.swift */,
				BF5C88382BC95F22000C6333 /* Assets.xcassets */,
				BF5C885E2BC963F7000C6333 /* CircleImage.swift */,
				BF5C88602BC965B3000C6333 /* MapView.swift */,
				BF5C883A2BC95F22000C6333 /* Preview Content */,
			);
			path = "LandMarks-Tutorial";
			sourceTree = "<group>";
		};
		BF5C883A2BC95F22000C6333 /* Preview Content */ = {
			isa = PBXGroup;
			children = (
				BF5C883B2BC95F22000C6333 /* Preview Assets.xcassets */,
			);
			path = "Preview Content";
			sourceTree = "<group>";
		};
		BF5C88442BC95F22000C6333 /* LandMarks-TutorialTests */ = {
			isa = PBXGroup;
			children = (
				BF5C88452BC95F22000C6333 /* LandMarks_TutorialTests.swift */,
			);
			path = "LandMarks-TutorialTests";
			sourceTree = "<group>";
		};
		BF5C884E2BC95F22000C6333 /* LandMarks-TutorialUITests */ = {
			isa = PBXGroup;
			children = (
				BF5C884F2BC95F22000C6333 /* LandMarks_TutorialUITests.swift */,
				BF5C88512BC95F22000C6333 /* LandMarks_TutorialUITestsLaunchTests.swift */,
			);
			path = "LandMarks-TutorialUITests";
			sourceTree = "<group>";
		};
/* End PBXGroup section */

/* Begin PBXNativeTarget section */
		BF5C88302BC95F20000C6333 /* LandMarks-Tutorial */ = {
			isa = PBXNativeTarget;
			buildConfigurationList = BF5C88552BC95F22000C6333 /* Build configuration list for PBXNativeTarget "LandMarks-Tutorial" */;
			buildPhases = (
				BF5C882D2BC95F20000C6333 /* Sources */,
				BF5C882E2BC95F20000C6333 /* Frameworks */,
				BF5C882F2BC95F20000C6333 /* Resources */,
			);
			buildRules = (
			);
			dependencies = (
			);
			name = "LandMarks-Tutorial";
			productName = "LandMarks-Tutorial";
			productReference = BF5C88312BC95F20000C6333 /* LandMarks-Tutorial.app */;
			productType = "com.apple.product-type.application";
		};
		BF5C88402BC95F22000C6333 /* LandMarks-TutorialTests */ = {
			isa = PBXNativeTarget;
			buildConfigurationList = BF5C88582BC95F22000C6333 /* Build configuration list for PBXNativeTarget "LandMarks-TutorialTests" */;
			buildPhases = (
				BF5C883D2BC95F22000C6333 /* Sources */,
				BF5C883E2BC95F22000C6333 /* Frameworks */,
				BF5C883F2BC95F22000C6333 /* Resources */,
			);
			buildRules = (
			);
			dependencies = (
				BF5C88432BC95F22000C6333 /* PBXTargetDependency */,
			);
			name = "LandMarks-TutorialTests";
			productName = "LandMarks-TutorialTests";
			productReference = BF5C88412BC95F22000C6333 /* LandMarks-TutorialTests.xctest */;
			productType = "com.apple.product-type.bundle.unit-test";
		};
		BF5C884A2BC95F22000C6333 /* LandMarks-TutorialUITests */ = {
			isa = PBXNativeTarget;
			buildConfigurationList = BF5C885B2BC95F22000C6333 /* Build configuration list for PBXNativeTarget "LandMarks-TutorialUITests" */;
			buildPhases = (
				BF5C88472BC95F22000C6333 /* Sources */,
				BF5C88482BC95F22000C6333 /* Frameworks */,
				BF5C88492BC95F22000C6333 /* Resources */,
			);
			buildRules = (
			);
			dependencies = (
				BF5C884D2BC95F22000C6333 /* PBXTargetDependency */,
			);
			name = "LandMarks-TutorialUITests";
			productName = "LandMarks-TutorialUITests";
			productReference = BF5C884B2BC95F22000C6333 /* LandMarks-TutorialUITests.xctest */;
			productType = "com.apple.product-type.bundle.ui-testing";
		};
/* End PBXNativeTarget section */

/* Begin PBXProject section */
		BF5C88292BC95F20000C6333 /* Project object */ = {
			isa = PBXProject;
			attributes = {
				BuildIndependentTargetsInParallel = 1;
				LastSwiftUpdateCheck = 1530;
				LastUpgradeCheck = 1530;
				TargetAttributes = {
					BF5C88302BC95F20000C6333 = {
						CreatedOnToolsVersion = 15.3;
					};
					BF5C88402BC95F22000C6333 = {
						CreatedOnToolsVersion = 15.3;
						TestTargetID = BF5C88302BC95F20000C6333;
					};
					BF5C884A2BC95F22000C6333 = {
						CreatedOnToolsVersion = 15.3;
						TestTargetID = BF5C88302BC95F20000C6333;
					};
				};
			};
			buildConfigurationList = BF5C882C2BC95F20000C6333 /* Build configuration list for PBXProject "LandMarks-Tutorial" */;
			compatibilityVersion = "Xcode 14.0";
			developmentRegion = en;
			hasScannedForEncodings = 0;
			knownRegions = (
				en,
				Base,
			);
			mainGroup = BF5C88282BC95F20000C6333;
			productRefGroup = BF5C88322BC95F20000C6333 /* Products */;
			projectDirPath = "";
			projectRoot = "";
			targets = (
				BF5C88302BC95F20000C6333 /* LandMarks-Tutorial */,
				BF5C88402BC95F22000C6333 /* LandMarks-TutorialTests */,
				BF5C884A2BC95F22000C6333 /* LandMarks-TutorialUITests */,
			);
		};
/* End PBXProject section */

/* Begin PBXResourcesBuildPhase section */
		BF5C882F2BC95F20000C6333 /* Resources */ = {
			isa = PBXResourcesBuildPhase;
			buildActionMask = 2147483647;
			files = (
				BF5C883C2BC95F22000C6333 /* Preview Assets.xcassets in Resources */,
				BF5C88392BC95F22000C6333 /* Assets.xcassets in Resources */,
			);
			runOnlyForDeploymentPostprocessing = 0;
		};
		BF5C883F2BC95F22000C6333 /* Resources */ = {
			isa = PBXResourcesBuildPhase;
			buildActionMask = 2147483647;
			files = (
			);
			runOnlyForDeploymentPostprocessing = 0;
		};
		BF5C88492BC95F22000C6333 /* Resources */ = {
			isa = PBXResourcesBuildPhase;
			buildActionMask = 2147483647;
			files = (
			);
			runOnlyForDeploymentPostprocessing = 0;
		};
/* End PBXResourcesBuildPhase section */

/* Begin PBXSourcesBuildPhase section */
		BF5C882D2BC95F20000C6333 /* Sources */ = {
			isa = PBXSourcesBuildPhase;
			buildActionMask = 2147483647;
			files = (
				BF5C88372BC95F20000C6333 /* ContentView.swift in Sources */,
				BF5C88612BC965B3000C6333 /* MapView.swift in Sources */,
				BF5C88352BC95F20000C6333 /* LandMarks_TutorialApp.swift in Sources */,
				BF5C885F2BC963F7000C6333 /* CircleImage.swift in Sources */,
			);
			runOnlyForDeploymentPostprocessing = 0;
		};
		BF5C883D2BC95F22000C6333 /* Sources */ = {
			isa = PBXSourcesBuildPhase;
			buildActionMask = 2147483647;
			files = (
				BF5C88462BC95F22000C6333 /* LandMarks_TutorialTests.swift in Sources */,
			);
			runOnlyForDeploymentPostprocessing = 0;
		};
		BF5C88472BC95F22000C6333 /* Sources */ = {
			isa = PBXSourcesBuildPhase;
			buildActionMask = 2147483647;
			files = (
				BF5C88522BC95F22000C6333 /* LandMarks_TutorialUITestsLaunchTests.swift in Sources */,
				BF5C88502BC95F22000C6333 /* LandMarks_TutorialUITests.swift in Sources */,
			);
			runOnlyForDeploymentPostprocessing = 0;
		};
/* End PBXSourcesBuildPhase section */

/* Begin PBXTargetDependency section */
		BF5C88432BC95F22000C6333 /* PBXTargetDependency */ = {
			isa = PBXTargetDependency;
			target = BF5C88302BC95F20000C6333 /* LandMarks-Tutorial */;
			targetProxy = BF5C88422BC95F22000C6333 /* PBXContainerItemProxy */;
		};
		BF5C884D2BC95F22000C6333 /* PBXTargetDependency */ = {
			isa = PBXTargetDependency;
			target = BF5C88302BC95F20000C6333 /* LandMarks-Tutorial */;
			targetProxy = BF5C884C2BC95F22000C6333 /* PBXContainerItemProxy */;
		};
/* End PBXTargetDependency section */

/* Begin XCBuildConfiguration section */
		BF5C88532BC95F22000C6333 /* Debug */ = {
			isa = XCBuildConfiguration;
			buildSettings = {
				ALWAYS_SEARCH_USER_PATHS = NO;
				ASSETCATALOG_COMPILER_GENERATE_SWIFT_ASSET_SYMBOL_EXTENSIONS = YES;
				CLANG_ANALYZER_NONNULL = YES;
				CLANG_ANALYZER_NUMBER_OBJECT_CONVERSION = YES_AGGRESSIVE;
				CLANG_CXX_LANGUAGE_STANDARD = "gnu++20";
				CLANG_ENABLE_MODULES = YES;
				CLANG_ENABLE_OBJC_ARC = YES;
				CLANG_ENABLE_OBJC_WEAK = YES;
				CLANG_WARN_BLOCK_CAPTURE_AUTORELEASING = YES;
				CLANG_WARN_BOOL_CONVERSION = YES;
				CLANG_WARN_COMMA = YES;
				CLANG_WARN_CONSTANT_CONVERSION = YES;
				CLANG_WARN_DEPRECATED_OBJC_IMPLEMENTATIONS = YES;
				CLANG_WARN_DIRECT_OBJC_ISA_USAGE = YES_ERROR;
				CLANG_WARN_DOCUMENTATION_COMMENTS = YES;
				CLANG_WARN_EMPTY_BODY = YES;
				CLANG_WARN_ENUM_CONVERSION = YES;
				CLANG_WARN_INFINITE_RECURSION = YES;
				CLANG_WARN_INT_CONVERSION = YES;
				CLANG_WARN_NON_LITERAL_NULL_CONVERSION = YES;
				CLANG_WARN_OBJC_IMPLICIT_RETAIN_SELF = YES;
				CLANG_WARN_OBJC_LITERAL_CONVERSION = YES;
				CLANG_WARN_OBJC_ROOT_CLASS = YES_ERROR;
				CLANG_WARN_QUOTED_INCLUDE_IN_FRAMEWORK_HEADER = YES;
				CLANG_WARN_RANGE_LOOP_ANALYSIS = YES;
				CLANG_WARN_STRICT_PROTOTYPES = YES;
				CLANG_WARN_SUSPICIOUS_MOVE = YES;
				CLANG_WARN_UNGUARDED_AVAILABILITY = YES_AGGRESSIVE;
				CLANG_WARN_UNREACHABLE_CODE = YES;
				CLANG_WARN__DUPLICATE_METHOD_MATCH = YES;
				COPY_PHASE_STRIP = NO;
				DEBUG_INFORMATION_FORMAT = dwarf;
				ENABLE_STRICT_OBJC_MSGSEND = YES;
				ENABLE_TESTABILITY = YES;
				ENABLE_USER_SCRIPT_SANDBOXING = YES;
				GCC_C_LANGUAGE_STANDARD = gnu17;
				GCC_DYNAMIC_NO_PIC = NO;
				GCC_NO_COMMON_BLOCKS = YES;
				GCC_OPTIMIZATION_LEVEL = 0;
				GCC_PREPROCESSOR_DEFINITIONS = (
					"DEBUG=1",
					"$(inherited)",
				);
				GCC_WARN_64_TO_32_BIT_CONVERSION = YES;
				GCC_WARN_ABOUT_RETURN_TYPE = YES_ERROR;
				GCC_WARN_UNDECLARED_SELECTOR = YES;
				GCC_WARN_UNINITIALIZED_AUTOS = YES_AGGRESSIVE;
				GCC_WARN_UNUSED_FUNCTION = YES;
				GCC_WARN_UNUSED_VARIABLE = YES;
				IPHONEOS_DEPLOYMENT_TARGET = 17.4;
				LOCALIZATION_PREFERS_STRING_CATALOGS = YES;
				MTL_ENABLE_DEBUG_INFO = INCLUDE_SOURCE;
				MTL_FAST_MATH = YES;
				ONLY_ACTIVE_ARCH = YES;
				SDKROOT = iphoneos;
				SWIFT_ACTIVE_COMPILATION_CONDITIONS = "DEBUG $(inherited)";
				SWIFT_OPTIMIZATION_LEVEL = "-Onone";
			};
			name = Debug;
		};
		BF5C88542BC95F22000C6333 /* Release */ = {
			isa = XCBuildConfiguration;
			buildSettings = {
				ALWAYS_SEARCH_USER_PATHS = NO;
				ASSETCATALOG_COMPILER_GENERATE_SWIFT_ASSET_SYMBOL_EXTENSIONS = YES;
				CLANG_ANALYZER_NONNULL = YES;
				CLANG_ANALYZER_NUMBER_OBJECT_CONVERSION = YES_AGGRESSIVE;
				CLANG_CXX_LANGUAGE_STANDARD = "gnu++20";
				CLANG_ENABLE_MODULES = YES;
				CLANG_ENABLE_OBJC_ARC = YES;
				CLANG_ENABLE_OBJC_WEAK = YES;
				CLANG_WARN_BLOCK_CAPTURE_AUTORELEASING = YES;
				CLANG_WARN_BOOL_CONVERSION = YES;
				CLANG_WARN_COMMA = YES;
				CLANG_WARN_CONSTANT_CONVERSION = YES;
				CLANG_WARN_DEPRECATED_OBJC_IMPLEMENTATIONS = YES;
				CLANG_WARN_DIRECT_OBJC_ISA_USAGE = YES_ERROR;
				CLANG_WARN_DOCUMENTATION_COMMENTS = YES;
				CLANG_WARN_EMPTY_BODY = YES;
				CLANG_WARN_ENUM_CONVERSION = YES;
				CLANG_WARN_INFINITE_RECURSION = YES;
				CLANG_WARN_INT_CONVERSION = YES;
				CLANG_WARN_NON_LITERAL_NULL_CONVERSION = YES;
				CLANG_WARN_OBJC_IMPLICIT_RETAIN_SELF = YES;
				CLANG_WARN_OBJC_LITERAL_CONVERSION = YES;
				CLANG_WARN_OBJC_ROOT_CLASS = YES_ERROR;
				CLANG_WARN_QUOTED_INCLUDE_IN_FRAMEWORK_HEADER = YES;
				CLANG_WARN_RANGE_LOOP_ANALYSIS = YES;
				CLANG_WARN_STRICT_PROTOTYPES = YES;
				CLANG_WARN_SUSPICIOUS_MOVE = YES;
				CLANG_WARN_UNGUARDED_AVAILABILITY = YES_AGGRESSIVE;
				CLANG_WARN_UNREACHABLE_CODE = YES;
				CLANG_WARN__DUPLICATE_METHOD_MATCH = YES;
				COPY_PHASE_STRIP = NO;
				DEBUG_INFORMATION_FORMAT = "dwarf-with-dsym";
				ENABLE_NS_ASSERTIONS = NO;
				ENABLE_STRICT_OBJC_MSGSEND = YES;
				ENABLE_USER_SCRIPT_SANDBOXING = YES;
				GCC_C_LANGUAGE_STANDARD = gnu17;
				GCC_NO_COMMON_BLOCKS = YES;
				GCC_WARN_64_TO_32_BIT_CONVERSION = YES;
				GCC_WARN_ABOUT_RETURN_TYPE = YES_ERROR;
				GCC_WARN_UNDECLARED_SELECTOR = YES;
				GCC_WARN_UNINITIALIZED_AUTOS = YES_AGGRESSIVE;
				GCC_WARN_UNUSED_FUNCTION = YES;
				GCC_WARN_UNUSED_VARIABLE = YES;
				IPHONEOS_DEPLOYMENT_TARGET = 17.4;
				LOCALIZATION_PREFERS_STRING_CATALOGS = YES;
				MTL_ENABLE_DEBUG_INFO = NO;
				MTL_FAST_MATH = YES;
				SDKROOT = iphoneos;
				SWIFT_COMPILATION_MODE = wholemodule;
				VALIDATE_PRODUCT = YES;
			};
			name = Release;
		};
		BF5C88562BC95F22000C6333 /* Debug */ = {
			isa = XCBuildConfiguration;
			buildSettings = {
				ASSETCATALOG_COMPILER_APPICON_NAME = AppIcon;
				ASSETCATALOG_COMPILER_GLOBAL_ACCENT_COLOR_NAME = AccentColor;
				CODE_SIGN_STYLE = Automatic;
				CURRENT_PROJECT_VERSION = 1;
				DEVELOPMENT_ASSET_PATHS = "\"LandMarks-Tutorial/Preview Content\"";
				DEVELOPMENT_TEAM = LUQ8FR5384;
				ENABLE_PREVIEWS = YES;
				GENERATE_INFOPLIST_FILE = YES;
				INFOPLIST_KEY_UIApplicationSceneManifest_Generation = YES;
				INFOPLIST_KEY_UIApplicationSupportsIndirectInputEvents = YES;
				INFOPLIST_KEY_UILaunchScreen_Generation = YES;
				INFOPLIST_KEY_UISupportedInterfaceOrientations_iPad = "UIInterfaceOrientationPortrait UIInterfaceOrientationPortraitUpsideDown UIInterfaceOrientationLandscapeLeft UIInterfaceOrientationLandscapeRight";
				INFOPLIST_KEY_UISupportedInterfaceOrientations_iPhone = "UIInterfaceOrientationPortrait UIInterfaceOrientationLandscapeLeft UIInterfaceOrientationLandscapeRight";
				LD_RUNPATH_SEARCH_PATHS = (
					"$(inherited)",
					"@executable_path/Frameworks",
				);
				MARKETING_VERSION = 1.0;
				PRODUCT_BUNDLE_IDENTIFIER = "altus.LandMarks-Tutorial";
				PRODUCT_NAME = "$(TARGET_NAME)";
				SWIFT_EMIT_LOC_STRINGS = YES;
				SWIFT_VERSION = 5.0;
				TARGETED_DEVICE_FAMILY = "1,2";
			};
			name = Debug;
		};
		BF5C88572BC95F22000C6333 /* Release */ = {
			isa = XCBuildConfiguration;
			buildSettings = {
				ASSETCATALOG_COMPILER_APPICON_NAME = AppIcon;
				ASSETCATALOG_COMPILER_GLOBAL_ACCENT_COLOR_NAME = AccentColor;
				CODE_SIGN_STYLE = Automatic;
				CURRENT_PROJECT_VERSION = 1;
				DEVELOPMENT_ASSET_PATHS = "\"LandMarks-Tutorial/Preview Content\"";
				DEVELOPMENT_TEAM = LUQ8FR5384;
				ENABLE_PREVIEWS = YES;
				GENERATE_INFOPLIST_FILE = YES;
				INFOPLIST_KEY_UIApplicationSceneManifest_Generation = YES;
				INFOPLIST_KEY_UIApplicationSupportsIndirectInputEvents = YES;
				INFOPLIST_KEY_UILaunchScreen_Generation = YES;
				INFOPLIST_KEY_UISupportedInterfaceOrientations_iPad = "UIInterfaceOrientationPortrait UIInterfaceOrientationPortraitUpsideDown UIInterfaceOrientationLandscapeLeft UIInterfaceOrientationLandscapeRight";
				INFOPLIST_KEY_UISupportedInterfaceOrientations_iPhone = "UIInterfaceOrientationPortrait UIInterfaceOrientationLandscapeLeft UIInterfaceOrientationLandscapeRight";
				LD_RUNPATH_SEARCH_PATHS = (
					"$(inherited)",
					"@executable_path/Frameworks",
				);
				MARKETING_VERSION = 1.0;
				PRODUCT_BUNDLE_IDENTIFIER = "altus.LandMarks-Tutorial";
				PRODUCT_NAME = "$(TARGET_NAME)";
				SWIFT_EMIT_LOC_STRINGS = YES;
				SWIFT_VERSION = 5.0;
				TARGETED_DEVICE_FAMILY = "1,2";
			};
			name = Release;
		};
		BF5C88592BC95F22000C6333 /* Debug */ = {
			isa = XCBuildConfiguration;
			buildSettings = {
				ALWAYS_EMBED_SWIFT_STANDARD_LIBRARIES = YES;
				BUNDLE_LOADER = "$(TEST_HOST)";
				CODE_SIGN_STYLE = Automatic;
				CURRENT_PROJECT_VERSION = 1;
				DEVELOPMENT_TEAM = LUQ8FR5384;
				GENERATE_INFOPLIST_FILE = YES;
				IPHONEOS_DEPLOYMENT_TARGET = 17.4;
				MARKETING_VERSION = 1.0;
				PRODUCT_BUNDLE_IDENTIFIER = "altus.LandMarks-TutorialTests";
				PRODUCT_NAME = "$(TARGET_NAME)";
				SWIFT_EMIT_LOC_STRINGS = NO;
				SWIFT_VERSION = 5.0;
				TARGETED_DEVICE_FAMILY = "1,2";
				TEST_HOST = "$(BUILT_PRODUCTS_DIR)/LandMarks-Tutorial.app/$(BUNDLE_EXECUTABLE_FOLDER_PATH)/LandMarks-Tutorial";
			};
			name = Debug;
		};
		BF5C885A2BC95F22000C6333 /* Release */ = {
			isa = XCBuildConfiguration;
			buildSettings = {
				ALWAYS_EMBED_SWIFT_STANDARD_LIBRARIES = YES;
				BUNDLE_LOADER = "$(TEST_HOST)";
				CODE_SIGN_STYLE = Automatic;
				CURRENT_PROJECT_VERSION = 1;
				DEVELOPMENT_TEAM = LUQ8FR5384;
				GENERATE_INFOPLIST_FILE = YES;
				IPHONEOS_DEPLOYMENT_TARGET = 17.4;
				MARKETING_VERSION = 1.0;
				PRODUCT_BUNDLE_IDENTIFIER = "altus.LandMarks-TutorialTests";
				PRODUCT_NAME = "$(TARGET_NAME)";
				SWIFT_EMIT_LOC_STRINGS = NO;
				SWIFT_VERSION = 5.0;
				TARGETED_DEVICE_FAMILY = "1,2";
				TEST_HOST = "$(BUILT_PRODUCTS_DIR)/LandMarks-Tutorial.app/$(BUNDLE_EXECUTABLE_FOLDER_PATH)/LandMarks-Tutorial";
			};
			name = Release;
		};
		BF5C885C2BC95F22000C6333 /* Debug */ = {
			isa = XCBuildConfiguration;
			buildSettings = {
				ALWAYS_EMBED_SWIFT_STANDARD_LIBRARIES = YES;
				CODE_SIGN_STYLE = Automatic;
				CURRENT_PROJECT_VERSION = 1;
				DEVELOPMENT_TEAM = LUQ8FR5384;
				GENERATE_INFOPLIST_FILE = YES;
				MARKETING_VERSION = 1.0;
				PRODUCT_BUNDLE_IDENTIFIER = "altus.LandMarks-TutorialUITests";
				PRODUCT_NAME = "$(TARGET_NAME)";
				SWIFT_EMIT_LOC_STRINGS = NO;
				SWIFT_VERSION = 5.0;
				TARGETED_DEVICE_FAMILY = "1,2";
				TEST_TARGET_NAME = "LandMarks-Tutorial";
			};
			name = Debug;
		};
		BF5C885D2BC95F22000C6333 /* Release */ = {
			isa = XCBuildConfiguration;
			buildSettings = {
				ALWAYS_EMBED_SWIFT_STANDARD_LIBRARIES = YES;
				CODE_SIGN_STYLE = Automatic;
				CURRENT_PROJECT_VERSION = 1;
				DEVELOPMENT_TEAM = LUQ8FR5384;
				GENERATE_INFOPLIST_FILE = YES;
				MARKETING_VERSION = 1.0;
				PRODUCT_BUNDLE_IDENTIFIER = "altus.LandMarks-TutorialUITests";
				PRODUCT_NAME = "$(TARGET_NAME)";
				SWIFT_EMIT_LOC_STRINGS = NO;
				SWIFT_VERSION = 5.0;
				TARGETED_DEVICE_FAMILY = "1,2";
				TEST_TARGET_NAME = "LandMarks-Tutorial";
			};
			name = Release;
		};
/* End XCBuildConfiguration section */

/* Begin XCConfigurationList section */
		BF5C882C2BC95F20000C6333 /* Build configuration list for PBXProject "LandMarks-Tutorial" */ = {
			isa = XCConfigurationList;
			buildConfigurations = (
				BF5C88532BC95F22000C6333 /* Debug */,
				BF5C88542BC95F22000C6333 /* Release */,
			);
			defaultConfigurationIsVisible = 0;
			defaultConfigurationName = Release;
		};
		BF5C88552BC95F22000C6333 /* Build configuration list for PBXNativeTarget "LandMarks-Tutorial" */ = {
			isa = XCConfigurationList;
			buildConfigurations = (
				BF5C88562BC95F22000C6333 /* Debug */,
				BF5C88572BC95F22000C6333 /* Release */,
			);
			defaultConfigurationIsVisible = 0;
			defaultConfigurationName = Release;
		};
		BF5C88582BC95F22000C6333 /* Build configuration list for PBXNativeTarget "LandMarks-TutorialTests" */ = {
			isa = XCConfigurationList;
			buildConfigurations = (
				BF5C88592BC95F22000C6333 /* Debug */,
				BF5C885A2BC95F22000C6333 /* Release */,
			);
			defaultConfigurationIsVisible = 0;
			defaultConfigurationName = Release;
		};
		BF5C885B2BC95F22000C6333 /* Build configuration list for PBXNativeTarget "LandMarks-TutorialUITests" */ = {
			isa = XCConfigurationList;
			buildConfigurations = (
				BF5C885C2BC95F22000C6333 /* Debug */,
				BF5C885D2BC95F22000C6333 /* Release */,
			);
			defaultConfigurationIsVisible = 0;
			defaultConfigurationName = Release;
		};
/* End XCConfigurationList section */
	};
	rootObject = BF5C88292BC95F20000C6333 /* Project object */;
}
